{"format_version":"1.2","terraform_version":"1.13.1","variables":{"ami_id":{"value":""},"app_image":{"value":"hashicorp/http-echo:0.2.3"},"enable_ingress_nginx":{"value":false},"enable_monitoring":{"value":"true"},"enable_ssm":{"value":true},"environment":{"value":"gha-test"},"hello_node_port":{"value":30080},"install_docker":{"value":"false"},"install_script_url":{"value":"https://raw.githubusercontent.com/mattshogi/CI-CD_terraform_k3s_aws/main/cluster/k3s_install.sh"},"instance_type":{"value":"t3.small"},"k3s_node_count":{"value":"0"},"k3s_server_token":{"value":""},"resource_name_suffix":{"value":"debug-1756680239"},"ssh_key_name":{"value":"id_k3s_aws"},"vpc_id":{"value":""}},"planned_values":{"outputs":{"nacl_id":{"sensitive":false},"security_group_id":{"sensitive":false},"server_instance_id":{"sensitive":false},"server_public_ip":{"sensitive":false},"subnet_id":{"sensitive":false}},"root_module":{"resources":[{"address":"aws_iam_instance_profile.k3s_ssm_profile[0]","mode":"managed","type":"aws_iam_instance_profile","name":"k3s_ssm_profile","index":0,"provider_name":"registry.terraform.io/hashicorp/aws","schema_version":0,"values":{"name":"k3s-ssm-profile-gha-test-debug-1756680239","path":"/","role":"k3s-ssm-role-gha-test-debug-1756680239","tags":null},"sensitive_values":{"tags_all":{}}},{"address":"aws_iam_role.k3s_ssm_role[0]","mode":"managed","type":"aws_iam_role","name":"k3s_ssm_role","index":0,"provider_name":"registry.terraform.io/hashicorp/aws","schema_version":0,"values":{"assume_role_policy":"{\"Statement\":[{\"Action\":\"sts:AssumeRole\",\"Effect\":\"Allow\",\"Principal\":{\"Service\":\"ec2.amazonaws.com\"}}],\"Version\":\"2012-10-17\"}","description":null,"force_detach_policies":false,"max_session_duration":3600,"name":"k3s-ssm-role-gha-test-debug-1756680239","path":"/","permissions_boundary":null,"tags":{"Environment":"gha-test"},"tags_all":{"Environment":"gha-test"}},"sensitive_values":{"inline_policy":[],"managed_policy_arns":[],"tags":{},"tags_all":{}},"identity_schema_version":0,"identity":{"account_id":null,"name":null}},{"address":"aws_iam_role_policy_attachment.k3s_ssm_core[0]","mode":"managed","type":"aws_iam_role_policy_attachment","name":"k3s_ssm_core","index":0,"provider_name":"registry.terraform.io/hashicorp/aws","schema_version":0,"values":{"policy_arn":"arn:aws:iam::aws:policy/AmazonSSMManagedInstanceCore","role":"k3s-ssm-role-gha-test-debug-1756680239"},"sensitive_values":{},"identity_schema_version":0,"identity":{"account_id":null,"policy_arn":null,"role":null}},{"address":"aws_instance.k3s_server","mode":"managed","type":"aws_instance","name":"k3s_server","provider_name":"registry.terraform.io/hashicorp/aws","schema_version":2,"values":{"ami":"ami-0bbdd8c17ed981ef9","associate_public_ip_address":true,"credit_specification":[],"force_destroy":false,"get_password_data":false,"hibernation":null,"iam_instance_profile":"k3s-ssm-profile-gha-test-debug-1756680239","instance_type":"t3.small","key_name":"id_k3s_aws","launch_template":[],"region":"us-east-1","source_dest_check":true,"tags":{"Environment":"gha-test","Name":"k3s-server","NodeCount":"0","TokenDefined":"false"},"tags_all":{"Environment":"gha-test","Name":"k3s-server","NodeCount":"0","TokenDefined":"false"},"timeouts":null,"user_data":"#!/bin/bash -xe\nexec \u003e \u003e(tee -a /var/log/cloud-init-output.log /var/log/user-data.log) 2\u003e\u00261\nset -euo pipefail\n\n# Template variables substituted by Terraform templatefile():\nNODE_INDEX=\"0\"\nSERVER_IP=\"\"\nK3S_TOKEN=\"\"\nENABLE_MONITORING=\"true\"\nENABLE_INGRESS_NGINX=\"false\"\nAPP_IMAGE=\"hashicorp/http-echo:0.2.3\"\nHELLO_NODE_PORT=\"30080\"\nINSTALL_SCRIPT_URL=\"https://raw.githubusercontent.com/mattshogi/CI-CD_terraform_k3s_aws/main/cluster/k3s_install.sh\"\nINSTALL_DOCKER=\"false\"\n\nmkdir -p /tmp/user-data-test\necho \"[USER-DATA-TEST] User-data script executed at $(date)\" | tee /tmp/user-data-test/debug.log /var/log/cloud-init-output.log || true\ntouch /tmp/user-data-test/marker\n\necho \"[INFO] user-data: starting installer (node_index=$NODE_INDEX)\"\n\n# Fetch installer with retries; fallback to embedded minimal installer if download fails\nif [ -n \"${INSTALL_SCRIPT_URL:-}\" ]; then\n\techo \"[INFO] Attempting to download installer from ${INSTALL_SCRIPT_URL}\"\n\tfor attempt in 1 2 3; do\n\t\tif curl -fsSL \"${INSTALL_SCRIPT_URL}\" -o /tmp/k3s_install.sh; then\n\t\t\techo \"[INFO] Installer downloaded successfully (attempt $attempt)\"; break\n\t\telse\n\t\t\techo \"[WARN] Download attempt $attempt failed\"\n\t\t\tsleep $((attempt*2))\n\t\tfi\n\tdone\n\tif [ ! -s /tmp/k3s_install.sh ]; then\n\t\techo \"[ERROR] Failed to download installer after retries; using embedded minimal fallback\" \u003e\u00262\n\t\tcat \u003e /tmp/k3s_install.sh \u003c\u003c'FALLBACK'\n#!/usr/bin/env bash\nset -euo pipefail\necho \"[FALLBACK] Running minimal fallback installer\"\ncurl -sfL https://get.k3s.io | INSTALL_K3S_EXEC=\"--write-kubeconfig-mode=644\" sh -s - server\necho \"[FALLBACK] k3s install attempted; creating readiness marker\"\ntouch /tmp/k3s-ready || true\nFALLBACK\n\tfi\nelse\n\techo \"[WARN] INSTALL_SCRIPT_URL not provided; using embedded minimal fallback installer\" \u003e\u00262\n\tcat \u003e /tmp/k3s_install.sh \u003c\u003c'FALLBACK'\n#!/usr/bin/env bash\nset -euo pipefail\necho \"[FALLBACK] Running minimal fallback installer (no external script URL)\"\ncurl -sfL https://get.k3s.io | INSTALL_K3S_EXEC=\"--write-kubeconfig-mode=644\" sh -s - server || echo \"[FALLBACK] k3s install attempt failed (continuing for diagnostics)\" \u003e\u00262\necho \"[FALLBACK] creating readiness marker\"\ntouch /tmp/k3s-ready || true\nFALLBACK\nfi\n\nchmod +x /tmp/k3s_install.sh || true\n\n# Export variables for the installer\nexport NODE_INDEX SERVER_IP K3S_TOKEN ENABLE_MONITORING ENABLE_INGRESS_NGINX APP_IMAGE HELLO_NODE_PORT INSTALL_SCRIPT_URL INSTALL_DOCKER\n\n# Run the installer\n/tmp/k3s_install.sh\n\necho \"[INFO] user-data complete\"\n","user_data_replace_on_change":false,"volume_tags":null},"sensitive_values":{"capacity_reservation_specification":[],"cpu_options":[],"credit_specification":[],"ebs_block_device":[],"enclave_options":[],"ephemeral_block_device":[],"instance_market_options":[],"ipv6_addresses":[],"launch_template":[],"maintenance_options":[],"metadata_options":[],"network_interface":[],"primary_network_interface":[],"private_dns_name_options":[],"root_block_device":[],"secondary_private_ips":[],"security_groups":[],"tags":{},"tags_all":{},"vpc_security_group_ids":[]}},{"address":"aws_internet_gateway.igw[0]","mode":"managed","type":"aws_internet_gateway","name":"igw","index":0,"provider_name":"registry.terraform.io/hashicorp/aws","schema_version":0,"values":{"region":"us-east-1","tags":null,"timeouts":null},"sensitive_values":{"tags_all":{}}},{"address":"aws_network_acl.public[0]","mode":"managed","type":"aws_network_acl","name":"public","index":0,"provider_name":"registry.terraform.io/hashicorp/aws","schema_version":0,"values":{"egress":[{"action":"allow","cidr_block":"0.0.0.0/0","from_port":0,"icmp_code":null,"icmp_type":null,"ipv6_cidr_block":"","protocol":"-1","rule_no":100,"to_port":0}],"ingress":[{"action":"allow","cidr_block":"0.0.0.0/0","from_port":0,"icmp_code":null,"icmp_type":null,"ipv6_cidr_block":"","protocol":"-1","rule_no":100,"to_port":0}],"region":"us-east-1","tags":null},"sensitive_values":{"egress":[{}],"ingress":[{}],"subnet_ids":[],"tags_all":{}}},{"address":"aws_route.default[0]","mode":"managed","type":"aws_route","name":"default","index":0,"provider_name":"registry.terraform.io/hashicorp/aws","schema_version":0,"values":{"carrier_gateway_id":null,"core_network_arn":null,"destination_cidr_block":"0.0.0.0/0","destination_ipv6_cidr_block":null,"destination_prefix_list_id":null,"egress_only_gateway_id":null,"local_gateway_id":null,"nat_gateway_id":null,"region":"us-east-1","timeouts":null,"transit_gateway_id":null,"vpc_endpoint_id":null,"vpc_peering_connection_id":null},"sensitive_values":{},"identity_schema_version":0,"identity":{"account_id":null,"destination_cidr_block":null,"destination_ipv6_cidr_block":null,"destination_prefix_list_id":null,"region":null,"route_table_id":null}},{"address":"aws_route_table.public[0]","mode":"managed","type":"aws_route_table","name":"public","index":0,"provider_name":"registry.terraform.io/hashicorp/aws","schema_version":0,"values":{"region":"us-east-1","tags":null,"timeouts":null},"sensitive_values":{"propagating_vgws":[],"route":[],"tags_all":{}},"identity_schema_version":0,"identity":{"account_id":null,"id":null,"region":null}},{"address":"aws_route_table_association.public[0]","mode":"managed","type":"aws_route_table_association","name":"public","index":0,"provider_name":"registry.terraform.io/hashicorp/aws","schema_version":0,"values":{"gateway_id":null,"region":"us-east-1","timeouts":null},"sensitive_values":{}},{"address":"aws_security_group.ec2_sg","mode":"managed","type":"aws_security_group","name":"ec2_sg","provider_name":"registry.terraform.io/hashicorp/aws","schema_version":1,"values":{"description":"Allow SSH, HTTP, k3s, nginx Ingress","egress":[{"cidr_blocks":["0.0.0.0/0"],"description":"","from_port":0,"ipv6_cidr_blocks":[],"prefix_list_ids":[],"protocol":"-1","security_groups":[],"self":false,"to_port":0}],"ingress":[{"cidr_blocks":["0.0.0.0/0"],"description":"","from_port":22,"ipv6_cidr_blocks":[],"prefix_list_ids":[],"protocol":"tcp","security_groups":[],"self":false,"to_port":22},{"cidr_blocks":["0.0.0.0/0"],"description":"","from_port":30000,"ipv6_cidr_blocks":[],"prefix_list_ids":[],"protocol":"tcp","security_groups":[],"self":false,"to_port":32767},{"cidr_blocks":["0.0.0.0/0"],"description":"","from_port":6443,"ipv6_cidr_blocks":[],"prefix_list_ids":[],"protocol":"tcp","security_groups":[],"self":false,"to_port":6443},{"cidr_blocks":["0.0.0.0/0"],"description":"","from_port":8081,"ipv6_cidr_blocks":[],"prefix_list_ids":[],"protocol":"tcp","security_groups":[],"self":false,"to_port":8081},{"cidr_blocks":["0.0.0.0/0"],"description":"","from_port":80,"ipv6_cidr_blocks":[],"prefix_list_ids":[],"protocol":"tcp","security_groups":[],"self":false,"to_port":80}],"name":"ec2_sg-debug-1756680239","region":"us-east-1","revoke_rules_on_delete":false,"tags":{"Environment":"gha-test","Name":"ec2_sg-debug-1756680239","NodeCount":"0","Suffix":"debug-1756680239","TokenDefined":"false"},"tags_all":{"Environment":"gha-test","Name":"ec2_sg-debug-1756680239","NodeCount":"0","Suffix":"debug-1756680239","TokenDefined":"false"},"timeouts":null},"sensitive_values":{"egress":[{"cidr_blocks":[false],"ipv6_cidr_blocks":[],"prefix_list_ids":[],"security_groups":[]}],"ingress":[{"cidr_blocks":[false],"ipv6_cidr_blocks":[],"prefix_list_ids":[],"security_groups":[]},{"cidr_blocks":[false],"ipv6_cidr_blocks":[],"prefix_list_ids":[],"security_groups":[]},{"cidr_blocks":[false],"ipv6_cidr_blocks":[],"prefix_list_ids":[],"security_groups":[]},{"cidr_blocks":[false],"ipv6_cidr_blocks":[],"prefix_list_ids":[],"security_groups":[]},{"cidr_blocks":[false],"ipv6_cidr_blocks":[],"prefix_list_ids":[],"security_groups":[]}],"tags":{},"tags_all":{}},"identity_schema_version":0,"identity":{"account_id":null,"id":null,"region":null}},{"address":"aws_subnet.public[0]","mode":"managed","type":"aws_subnet","name":"public","index":0,"provider_name":"registry.terraform.io/hashicorp/aws","schema_version":1,"values":{"assign_ipv6_address_on_creation":false,"cidr_block":"10.0.1.0/24","customer_owned_ipv4_pool":null,"enable_dns64":false,"enable_lni_at_device_index":null,"enable_resource_name_dns_a_record_on_launch":false,"enable_resource_name_dns_aaaa_record_on_launch":false,"ipv6_cidr_block":null,"ipv6_native":false,"map_customer_owned_ip_on_launch":null,"map_public_ip_on_launch":true,"outpost_arn":null,"region":"us-east-1","tags":null,"timeouts":null},"sensitive_values":{"tags_all":{}},"identity_schema_version":0,"identity":{"account_id":null,"id":null,"region":null}},{"address":"aws_vpc.main[0]","mode":"managed","type":"aws_vpc","name":"main","index":0,"provider_name":"registry.terraform.io/hashicorp/aws","schema_version":1,"values":{"assign_generated_ipv6_cidr_block":null,"cidr_block":"10.0.0.0/16","enable_dns_hostnames":true,"enable_dns_support":true,"instance_tenancy":"default","ipv4_ipam_pool_id":null,"ipv4_netmask_length":null,"ipv6_ipam_pool_id":null,"ipv6_netmask_length":null,"region":"us-east-1","tags":null},"sensitive_values":{"tags_all":{}}},{"address":"time_sleep.iam_propagation_delay[0]","mode":"managed","type":"time_sleep","name":"iam_propagation_delay","index":0,"provider_name":"registry.terraform.io/hashicorp/time","schema_version":0,"values":{"create_duration":"25s","destroy_duration":null,"triggers":null},"sensitive_values":{}}]}},"resource_changes":[{"address":"aws_iam_instance_profile.k3s_ssm_profile[0]","mode":"managed","type":"aws_iam_instance_profile","name":"k3s_ssm_profile","index":0,"provider_name":"registry.terraform.io/hashicorp/aws","change":{"actions":["create"],"before":null,"after":{"name":"k3s-ssm-profile-gha-test-debug-1756680239","path":"/","role":"k3s-ssm-role-gha-test-debug-1756680239","tags":null},"after_unknown":{"arn":true,"create_date":true,"id":true,"name_prefix":true,"tags_all":true,"unique_id":true},"before_sensitive":false,"after_sensitive":{"tags_all":{}}}},{"address":"aws_iam_role.k3s_ssm_role[0]","mode":"managed","type":"aws_iam_role","name":"k3s_ssm_role","index":0,"provider_name":"registry.terraform.io/hashicorp/aws","change":{"actions":["create"],"before":null,"after":{"assume_role_policy":"{\"Statement\":[{\"Action\":\"sts:AssumeRole\",\"Effect\":\"Allow\",\"Principal\":{\"Service\":\"ec2.amazonaws.com\"}}],\"Version\":\"2012-10-17\"}","description":null,"force_detach_policies":false,"max_session_duration":3600,"name":"k3s-ssm-role-gha-test-debug-1756680239","path":"/","permissions_boundary":null,"tags":{"Environment":"gha-test"},"tags_all":{"Environment":"gha-test"}},"after_unknown":{"arn":true,"create_date":true,"id":true,"inline_policy":true,"managed_policy_arns":true,"name_prefix":true,"tags":{},"tags_all":{},"unique_id":true},"before_sensitive":false,"after_sensitive":{"inline_policy":[],"managed_policy_arns":[],"tags":{},"tags_all":{}},"after_identity":{"account_id":null,"name":null}}},{"address":"aws_iam_role_policy_attachment.k3s_ssm_core[0]","mode":"managed","type":"aws_iam_role_policy_attachment","name":"k3s_ssm_core","index":0,"provider_name":"registry.terraform.io/hashicorp/aws","change":{"actions":["create"],"before":null,"after":{"policy_arn":"arn:aws:iam::aws:policy/AmazonSSMManagedInstanceCore","role":"k3s-ssm-role-gha-test-debug-1756680239"},"after_unknown":{"id":true},"before_sensitive":false,"after_sensitive":{},"after_identity":{"account_id":null,"policy_arn":null,"role":null}}},{"address":"aws_instance.k3s_server","mode":"managed","type":"aws_instance","name":"k3s_server","provider_name":"registry.terraform.io/hashicorp/aws","change":{"actions":["create"],"before":null,"after":{"ami":"ami-0bbdd8c17ed981ef9","associate_public_ip_address":true,"credit_specification":[],"force_destroy":false,"get_password_data":false,"hibernation":null,"iam_instance_profile":"k3s-ssm-profile-gha-test-debug-1756680239","instance_type":"t3.small","key_name":"id_k3s_aws","launch_template":[],"region":"us-east-1","source_dest_check":true,"tags":{"Environment":"gha-test","Name":"k3s-server","NodeCount":"0","TokenDefined":"false"},"tags_all":{"Environment":"gha-test","Name":"k3s-server","NodeCount":"0","TokenDefined":"false"},"timeouts":null,"user_data":"#!/bin/bash -xe\nexec \u003e \u003e(tee -a /var/log/cloud-init-output.log /var/log/user-data.log) 2\u003e\u00261\nset -euo pipefail\n\n# Template variables substituted by Terraform templatefile():\nNODE_INDEX=\"0\"\nSERVER_IP=\"\"\nK3S_TOKEN=\"\"\nENABLE_MONITORING=\"true\"\nENABLE_INGRESS_NGINX=\"false\"\nAPP_IMAGE=\"hashicorp/http-echo:0.2.3\"\nHELLO_NODE_PORT=\"30080\"\nINSTALL_SCRIPT_URL=\"https://raw.githubusercontent.com/mattshogi/CI-CD_terraform_k3s_aws/main/cluster/k3s_install.sh\"\nINSTALL_DOCKER=\"false\"\n\nmkdir -p /tmp/user-data-test\necho \"[USER-DATA-TEST] User-data script executed at $(date)\" | tee /tmp/user-data-test/debug.log /var/log/cloud-init-output.log || true\ntouch /tmp/user-data-test/marker\n\necho \"[INFO] user-data: starting installer (node_index=$NODE_INDEX)\"\n\n# Fetch installer with retries; fallback to embedded minimal installer if download fails\nif [ -n \"${INSTALL_SCRIPT_URL:-}\" ]; then\n\techo \"[INFO] Attempting to download installer from ${INSTALL_SCRIPT_URL}\"\n\tfor attempt in 1 2 3; do\n\t\tif curl -fsSL \"${INSTALL_SCRIPT_URL}\" -o /tmp/k3s_install.sh; then\n\t\t\techo \"[INFO] Installer downloaded successfully (attempt $attempt)\"; break\n\t\telse\n\t\t\techo \"[WARN] Download attempt $attempt failed\"\n\t\t\tsleep $((attempt*2))\n\t\tfi\n\tdone\n\tif [ ! -s /tmp/k3s_install.sh ]; then\n\t\techo \"[ERROR] Failed to download installer after retries; using embedded minimal fallback\" \u003e\u00262\n\t\tcat \u003e /tmp/k3s_install.sh \u003c\u003c'FALLBACK'\n#!/usr/bin/env bash\nset -euo pipefail\necho \"[FALLBACK] Running minimal fallback installer\"\ncurl -sfL https://get.k3s.io | INSTALL_K3S_EXEC=\"--write-kubeconfig-mode=644\" sh -s - server\necho \"[FALLBACK] k3s install attempted; creating readiness marker\"\ntouch /tmp/k3s-ready || true\nFALLBACK\n\tfi\nelse\n\techo \"[WARN] INSTALL_SCRIPT_URL not provided; using embedded minimal fallback installer\" \u003e\u00262\n\tcat \u003e /tmp/k3s_install.sh \u003c\u003c'FALLBACK'\n#!/usr/bin/env bash\nset -euo pipefail\necho \"[FALLBACK] Running minimal fallback installer (no external script URL)\"\ncurl -sfL https://get.k3s.io | INSTALL_K3S_EXEC=\"--write-kubeconfig-mode=644\" sh -s - server || echo \"[FALLBACK] k3s install attempt failed (continuing for diagnostics)\" \u003e\u00262\necho \"[FALLBACK] creating readiness marker\"\ntouch /tmp/k3s-ready || true\nFALLBACK\nfi\n\nchmod +x /tmp/k3s_install.sh || true\n\n# Export variables for the installer\nexport NODE_INDEX SERVER_IP K3S_TOKEN ENABLE_MONITORING ENABLE_INGRESS_NGINX APP_IMAGE HELLO_NODE_PORT INSTALL_SCRIPT_URL INSTALL_DOCKER\n\n# Run the installer\n/tmp/k3s_install.sh\n\necho \"[INFO] user-data complete\"\n","user_data_replace_on_change":false,"volume_tags":null},"after_unknown":{"arn":true,"availability_zone":true,"capacity_reservation_specification":true,"cpu_options":true,"credit_specification":[],"disable_api_stop":true,"disable_api_termination":true,"ebs_block_device":true,"ebs_optimized":true,"enable_primary_ipv6":true,"enclave_options":true,"ephemeral_block_device":true,"host_id":true,"host_resource_group_arn":true,"id":true,"instance_initiated_shutdown_behavior":true,"instance_lifecycle":true,"instance_market_options":true,"instance_state":true,"ipv6_address_count":true,"ipv6_addresses":true,"launch_template":[],"maintenance_options":true,"metadata_options":true,"monitoring":true,"network_interface":true,"outpost_arn":true,"password_data":true,"placement_group":true,"placement_partition_number":true,"primary_network_interface":true,"primary_network_interface_id":true,"private_dns":true,"private_dns_name_options":true,"private_ip":true,"public_dns":true,"public_ip":true,"root_block_device":true,"secondary_private_ips":true,"security_groups":true,"spot_instance_request_id":true,"subnet_id":true,"tags":{},"tags_all":{},"tenancy":true,"user_data_base64":true,"vpc_security_group_ids":true},"before_sensitive":false,"after_sensitive":{"capacity_reservation_specification":[],"cpu_options":[],"credit_specification":[],"ebs_block_device":[],"enclave_options":[],"ephemeral_block_device":[],"instance_market_options":[],"ipv6_addresses":[],"launch_template":[],"maintenance_options":[],"metadata_options":[],"network_interface":[],"primary_network_interface":[],"private_dns_name_options":[],"root_block_device":[],"secondary_private_ips":[],"security_groups":[],"tags":{},"tags_all":{},"vpc_security_group_ids":[]}}},{"address":"aws_internet_gateway.igw[0]","mode":"managed","type":"aws_internet_gateway","name":"igw","index":0,"provider_name":"registry.terraform.io/hashicorp/aws","change":{"actions":["create"],"before":null,"after":{"region":"us-east-1","tags":null,"timeouts":null},"after_unknown":{"arn":true,"id":true,"owner_id":true,"tags_all":true,"vpc_id":true},"before_sensitive":false,"after_sensitive":{"tags_all":{}}}},{"address":"aws_network_acl.public[0]","mode":"managed","type":"aws_network_acl","name":"public","index":0,"provider_name":"registry.terraform.io/hashicorp/aws","change":{"actions":["create"],"before":null,"after":{"egress":[{"action":"allow","cidr_block":"0.0.0.0/0","from_port":0,"icmp_code":null,"icmp_type":null,"ipv6_cidr_block":"","protocol":"-1","rule_no":100,"to_port":0}],"ingress":[{"action":"allow","cidr_block":"0.0.0.0/0","from_port":0,"icmp_code":null,"icmp_type":null,"ipv6_cidr_block":"","protocol":"-1","rule_no":100,"to_port":0}],"region":"us-east-1","tags":null},"after_unknown":{"arn":true,"egress":[{}],"id":true,"ingress":[{}],"owner_id":true,"subnet_ids":true,"tags_all":true,"vpc_id":true},"before_sensitive":false,"after_sensitive":{"egress":[{}],"ingress":[{}],"subnet_ids":[],"tags_all":{}}}},{"address":"aws_route.default[0]","mode":"managed","type":"aws_route","name":"default","index":0,"provider_name":"registry.terraform.io/hashicorp/aws","change":{"actions":["create"],"before":null,"after":{"carrier_gateway_id":null,"core_network_arn":null,"destination_cidr_block":"0.0.0.0/0","destination_ipv6_cidr_block":null,"destination_prefix_list_id":null,"egress_only_gateway_id":null,"local_gateway_id":null,"nat_gateway_id":null,"region":"us-east-1","timeouts":null,"transit_gateway_id":null,"vpc_endpoint_id":null,"vpc_peering_connection_id":null},"after_unknown":{"gateway_id":true,"id":true,"instance_id":true,"instance_owner_id":true,"network_interface_id":true,"origin":true,"route_table_id":true,"state":true},"before_sensitive":false,"after_sensitive":{},"after_identity":{"account_id":null,"destination_cidr_block":null,"destination_ipv6_cidr_block":null,"destination_prefix_list_id":null,"region":null,"route_table_id":null}}},{"address":"aws_route_table.public[0]","mode":"managed","type":"aws_route_table","name":"public","index":0,"provider_name":"registry.terraform.io/hashicorp/aws","change":{"actions":["create"],"before":null,"after":{"region":"us-east-1","tags":null,"timeouts":null},"after_unknown":{"arn":true,"id":true,"owner_id":true,"propagating_vgws":true,"route":true,"tags_all":true,"vpc_id":true},"before_sensitive":false,"after_sensitive":{"propagating_vgws":[],"route":[],"tags_all":{}},"after_identity":{"account_id":null,"id":null,"region":null}}},{"address":"aws_route_table_association.public[0]","mode":"managed","type":"aws_route_table_association","name":"public","index":0,"provider_name":"registry.terraform.io/hashicorp/aws","change":{"actions":["create"],"before":null,"after":{"gateway_id":null,"region":"us-east-1","timeouts":null},"after_unknown":{"id":true,"route_table_id":true,"subnet_id":true},"before_sensitive":false,"after_sensitive":{}}},{"address":"aws_security_group.ec2_sg","mode":"managed","type":"aws_security_group","name":"ec2_sg","provider_name":"registry.terraform.io/hashicorp/aws","change":{"actions":["create"],"before":null,"after":{"description":"Allow SSH, HTTP, k3s, nginx Ingress","egress":[{"cidr_blocks":["0.0.0.0/0"],"description":"","from_port":0,"ipv6_cidr_blocks":[],"prefix_list_ids":[],"protocol":"-1","security_groups":[],"self":false,"to_port":0}],"ingress":[{"cidr_blocks":["0.0.0.0/0"],"description":"","from_port":22,"ipv6_cidr_blocks":[],"prefix_list_ids":[],"protocol":"tcp","security_groups":[],"self":false,"to_port":22},{"cidr_blocks":["0.0.0.0/0"],"description":"","from_port":30000,"ipv6_cidr_blocks":[],"prefix_list_ids":[],"protocol":"tcp","security_groups":[],"self":false,"to_port":32767},{"cidr_blocks":["0.0.0.0/0"],"description":"","from_port":6443,"ipv6_cidr_blocks":[],"prefix_list_ids":[],"protocol":"tcp","security_groups":[],"self":false,"to_port":6443},{"cidr_blocks":["0.0.0.0/0"],"description":"","from_port":8081,"ipv6_cidr_blocks":[],"prefix_list_ids":[],"protocol":"tcp","security_groups":[],"self":false,"to_port":8081},{"cidr_blocks":["0.0.0.0/0"],"description":"","from_port":80,"ipv6_cidr_blocks":[],"prefix_list_ids":[],"protocol":"tcp","security_groups":[],"self":false,"to_port":80}],"name":"ec2_sg-debug-1756680239","region":"us-east-1","revoke_rules_on_delete":false,"tags":{"Environment":"gha-test","Name":"ec2_sg-debug-1756680239","NodeCount":"0","Suffix":"debug-1756680239","TokenDefined":"false"},"tags_all":{"Environment":"gha-test","Name":"ec2_sg-debug-1756680239","NodeCount":"0","Suffix":"debug-1756680239","TokenDefined":"false"},"timeouts":null},"after_unknown":{"arn":true,"egress":[{"cidr_blocks":[false],"ipv6_cidr_blocks":[],"prefix_list_ids":[],"security_groups":[]}],"id":true,"ingress":[{"cidr_blocks":[false],"ipv6_cidr_blocks":[],"prefix_list_ids":[],"security_groups":[]},{"cidr_blocks":[false],"ipv6_cidr_blocks":[],"prefix_list_ids":[],"security_groups":[]},{"cidr_blocks":[false],"ipv6_cidr_blocks":[],"prefix_list_ids":[],"security_groups":[]},{"cidr_blocks":[false],"ipv6_cidr_blocks":[],"prefix_list_ids":[],"security_groups":[]},{"cidr_blocks":[false],"ipv6_cidr_blocks":[],"prefix_list_ids":[],"security_groups":[]}],"name_prefix":true,"owner_id":true,"tags":{},"tags_all":{},"vpc_id":true},"before_sensitive":false,"after_sensitive":{"egress":[{"cidr_blocks":[false],"ipv6_cidr_blocks":[],"prefix_list_ids":[],"security_groups":[]}],"ingress":[{"cidr_blocks":[false],"ipv6_cidr_blocks":[],"prefix_list_ids":[],"security_groups":[]},{"cidr_blocks":[false],"ipv6_cidr_blocks":[],"prefix_list_ids":[],"security_groups":[]},{"cidr_blocks":[false],"ipv6_cidr_blocks":[],"prefix_list_ids":[],"security_groups":[]},{"cidr_blocks":[false],"ipv6_cidr_blocks":[],"prefix_list_ids":[],"security_groups":[]},{"cidr_blocks":[false],"ipv6_cidr_blocks":[],"prefix_list_ids":[],"security_groups":[]}],"tags":{},"tags_all":{}},"after_identity":{"account_id":null,"id":null,"region":null}}},{"address":"aws_subnet.public[0]","mode":"managed","type":"aws_subnet","name":"public","index":0,"provider_name":"registry.terraform.io/hashicorp/aws","change":{"actions":["create"],"before":null,"after":{"assign_ipv6_address_on_creation":false,"cidr_block":"10.0.1.0/24","customer_owned_ipv4_pool":null,"enable_dns64":false,"enable_lni_at_device_index":null,"enable_resource_name_dns_a_record_on_launch":false,"enable_resource_name_dns_aaaa_record_on_launch":false,"ipv6_cidr_block":null,"ipv6_native":false,"map_customer_owned_ip_on_launch":null,"map_public_ip_on_launch":true,"outpost_arn":null,"region":"us-east-1","tags":null,"timeouts":null},"after_unknown":{"arn":true,"availability_zone":true,"availability_zone_id":true,"id":true,"ipv6_cidr_block_association_id":true,"owner_id":true,"private_dns_hostname_type_on_launch":true,"tags_all":true,"vpc_id":true},"before_sensitive":false,"after_sensitive":{"tags_all":{}},"after_identity":{"account_id":null,"id":null,"region":null}}},{"address":"aws_vpc.main[0]","mode":"managed","type":"aws_vpc","name":"main","index":0,"provider_name":"registry.terraform.io/hashicorp/aws","change":{"actions":["create"],"before":null,"after":{"assign_generated_ipv6_cidr_block":null,"cidr_block":"10.0.0.0/16","enable_dns_hostnames":true,"enable_dns_support":true,"instance_tenancy":"default","ipv4_ipam_pool_id":null,"ipv4_netmask_length":null,"ipv6_ipam_pool_id":null,"ipv6_netmask_length":null,"region":"us-east-1","tags":null},"after_unknown":{"arn":true,"default_network_acl_id":true,"default_route_table_id":true,"default_security_group_id":true,"dhcp_options_id":true,"enable_network_address_usage_metrics":true,"id":true,"ipv6_association_id":true,"ipv6_cidr_block":true,"ipv6_cidr_block_network_border_group":true,"main_route_table_id":true,"owner_id":true,"tags_all":true},"before_sensitive":false,"after_sensitive":{"tags_all":{}}}},{"address":"time_sleep.iam_propagation_delay[0]","mode":"managed","type":"time_sleep","name":"iam_propagation_delay","index":0,"provider_name":"registry.terraform.io/hashicorp/time","change":{"actions":["create"],"before":null,"after":{"create_duration":"25s","destroy_duration":null,"triggers":null},"after_unknown":{"id":true},"before_sensitive":false,"after_sensitive":{}}}],"output_changes":{"nacl_id":{"actions":["create"],"before":null,"after_unknown":true,"before_sensitive":false,"after_sensitive":false},"security_group_id":{"actions":["create"],"before":null,"after_unknown":true,"before_sensitive":false,"after_sensitive":false},"server_instance_id":{"actions":["create"],"before":null,"after_unknown":true,"before_sensitive":false,"after_sensitive":false},"server_public_ip":{"actions":["create"],"before":null,"after_unknown":true,"before_sensitive":false,"after_sensitive":false},"subnet_id":{"actions":["create"],"before":null,"after_unknown":true,"before_sensitive":false,"after_sensitive":false}},"prior_state":{"format_version":"1.0","terraform_version":"1.13.1","values":{"root_module":{"resources":[{"address":"data.aws_ami.ubuntu","mode":"data","type":"aws_ami","name":"ubuntu","provider_name":"registry.terraform.io/hashicorp/aws","schema_version":0,"values":{"allow_unsafe_filter":null,"architecture":"x86_64","arn":"arn:aws:ec2:us-east-1::image/ami-0bbdd8c17ed981ef9","block_device_mappings":[{"device_name":"/dev/sda1","ebs":{"delete_on_termination":"true","encrypted":"false","iops":"0","snapshot_id":"snap-044c7fd1c01a7978c","throughput":"0","volume_initialization_rate":"0","volume_size":"8","volume_type":"gp2"},"no_device":"","virtual_name":""},{"device_name":"/dev/sdb","ebs":{},"no_device":"","virtual_name":"ephemeral0"},{"device_name":"/dev/sdc","ebs":{},"no_device":"","virtual_name":"ephemeral1"}],"boot_mode":"uefi-preferred","creation_date":"2025-08-22T06:58:58.000Z","deprecation_time":"2027-08-22T06:58:58.000Z","description":"Canonical, Ubuntu, 22.04, amd64 jammy image","ena_support":true,"executable_users":null,"filter":[{"name":"name","values":["ubuntu/images/hvm-ssd/ubuntu-jammy-22.04-amd64-server-*"]},{"name":"virtualization-type","values":["hvm"]}],"hypervisor":"xen","id":"ami-0bbdd8c17ed981ef9","image_id":"ami-0bbdd8c17ed981ef9","image_location":"amazon/ubuntu/images/hvm-ssd/ubuntu-jammy-22.04-amd64-server-20250822","image_owner_alias":"amazon","image_type":"machine","imds_support":"","include_deprecated":false,"kernel_id":"","last_launched_time":"","most_recent":true,"name":"ubuntu/images/hvm-ssd/ubuntu-jammy-22.04-amd64-server-20250822","name_regex":null,"owner_id":"099720109477","owners":["099720109477"],"platform":"","platform_details":"Linux/UNIX","product_codes":[],"public":true,"ramdisk_id":"","region":"us-east-1","root_device_name":"/dev/sda1","root_device_type":"ebs","root_snapshot_id":"snap-044c7fd1c01a7978c","sriov_net_support":"simple","state":"available","state_reason":{"code":"UNSET","message":"UNSET"},"tags":{},"timeouts":null,"tpm_support":"","uefi_data":null,"usage_operation":"RunInstances","virtualization_type":"hvm"},"sensitive_values":{"block_device_mappings":[{"ebs":{}},{"ebs":{}},{"ebs":{}}],"filter":[{"values":[false]},{"values":[false]}],"owners":[false],"product_codes":[],"state_reason":{},"tags":{}}}]}}},"configuration":{"provider_config":{"aws":{"name":"aws","full_name":"registry.terraform.io/hashicorp/aws","version_constraint":"~\u003e 6.0","expressions":{"region":{"constant_value":"us-east-1"}}},"time":{"name":"time","full_name":"registry.terraform.io/hashicorp/time","version_constraint":"~\u003e 0.11"}},"root_module":{"outputs":{"nacl_id":{"expression":{"references":["var.vpc_id","aws_network_acl.public[0].id","aws_network_acl.public[0]","aws_network_acl.public"]},"description":"Network ACL id for the created VPC, or placeholder when reusing an existing VPC."},"security_group_id":{"expression":{"references":["aws_security_group.ec2_sg.id","aws_security_group.ec2_sg"]}},"server_instance_id":{"expression":{"references":["aws_instance.k3s_server.id","aws_instance.k3s_server"]}},"server_public_ip":{"expression":{"references":["aws_instance.k3s_server.public_ip","aws_instance.k3s_server"]}},"subnet_id":{"expression":{"references":["var.vpc_id","data.aws_subnet.existing[0].id","data.aws_subnet.existing[0]","data.aws_subnet.existing","aws_subnet.public[0].id","aws_subnet.public[0]","aws_subnet.public"]}}},"resources":[{"address":"aws_iam_instance_profile.k3s_ssm_profile","mode":"managed","type":"aws_iam_instance_profile","name":"k3s_ssm_profile","provider_config_key":"aws","expressions":{"name":{"references":["local.iam_profile_name"]},"role":{"references":["aws_iam_role.k3s_ssm_role[0].name","aws_iam_role.k3s_ssm_role[0]","aws_iam_role.k3s_ssm_role"]}},"schema_version":0,"count_expression":{"references":["var.enable_ssm"]}},{"address":"aws_iam_role.k3s_ssm_role","mode":"managed","type":"aws_iam_role","name":"k3s_ssm_role","provider_config_key":"aws","expressions":{"assume_role_policy":{},"name":{"references":["local.iam_role_name"]},"tags":{"references":["var.environment"]}},"schema_version":0,"count_expression":{"references":["var.enable_ssm"]}},{"address":"aws_iam_role_policy_attachment.k3s_ssm_core","mode":"managed","type":"aws_iam_role_policy_attachment","name":"k3s_ssm_core","provider_config_key":"aws","expressions":{"policy_arn":{"constant_value":"arn:aws:iam::aws:policy/AmazonSSMManagedInstanceCore"},"role":{"references":["aws_iam_role.k3s_ssm_role[0].name","aws_iam_role.k3s_ssm_role[0]","aws_iam_role.k3s_ssm_role"]}},"schema_version":0,"count_expression":{"references":["var.enable_ssm"]}},{"address":"aws_instance.k3s_server","mode":"managed","type":"aws_instance","name":"k3s_server","provider_config_key":"aws","expressions":{"ami":{"references":["var.ami_id","var.ami_id","data.aws_ami.ubuntu.id","data.aws_ami.ubuntu"]},"associate_public_ip_address":{"constant_value":true},"iam_instance_profile":{"references":["var.enable_ssm","aws_iam_instance_profile.k3s_ssm_profile[0].name","aws_iam_instance_profile.k3s_ssm_profile[0]","aws_iam_instance_profile.k3s_ssm_profile"]},"instance_type":{"references":["var.instance_type"]},"key_name":{"references":["var.ssh_key_name","var.ssh_key_name"]},"subnet_id":{"references":["var.vpc_id","data.aws_subnet.existing[0].id","data.aws_subnet.existing[0]","data.aws_subnet.existing","aws_subnet.public[0].id","aws_subnet.public[0]","aws_subnet.public"]},"tags":{"references":["var.environment","var.k3s_node_count","var.k3s_server_token"]},"user_data":{"references":["path.module","var.enable_monitoring","var.enable_ingress_nginx","var.app_image","var.hello_node_port","var.install_script_url","var.install_docker"]},"vpc_security_group_ids":{"references":["aws_security_group.ec2_sg.id","aws_security_group.ec2_sg"]}},"schema_version":2,"depends_on":["time_sleep.iam_propagation_delay"]},{"address":"aws_internet_gateway.igw","mode":"managed","type":"aws_internet_gateway","name":"igw","provider_config_key":"aws","expressions":{"vpc_id":{"references":["aws_vpc.main[0].id","aws_vpc.main[0]","aws_vpc.main"]}},"schema_version":0,"count_expression":{"references":["var.vpc_id"]}},{"address":"aws_network_acl.public","mode":"managed","type":"aws_network_acl","name":"public","provider_config_key":"aws","expressions":{"egress":{"constant_value":[{"action":"allow","cidr_block":"0.0.0.0/0","from_port":0,"icmp_code":null,"icmp_type":null,"ipv6_cidr_block":null,"protocol":"-1","rule_no":100,"to_port":0}]},"ingress":{"constant_value":[{"action":"allow","cidr_block":"0.0.0.0/0","from_port":0,"icmp_code":null,"icmp_type":null,"ipv6_cidr_block":null,"protocol":"-1","rule_no":100,"to_port":0}]},"subnet_ids":{"references":["aws_subnet.public[0].id","aws_subnet.public[0]","aws_subnet.public"]},"vpc_id":{"references":["aws_vpc.main[0].id","aws_vpc.main[0]","aws_vpc.main"]}},"schema_version":0,"count_expression":{"references":["var.vpc_id"]}},{"address":"aws_route.default","mode":"managed","type":"aws_route","name":"default","provider_config_key":"aws","expressions":{"destination_cidr_block":{"constant_value":"0.0.0.0/0"},"gateway_id":{"references":["aws_internet_gateway.igw[0].id","aws_internet_gateway.igw[0]","aws_internet_gateway.igw"]},"route_table_id":{"references":["aws_route_table.public[0].id","aws_route_table.public[0]","aws_route_table.public"]}},"schema_version":0,"count_expression":{"references":["var.vpc_id"]}},{"address":"aws_route_table.public","mode":"managed","type":"aws_route_table","name":"public","provider_config_key":"aws","expressions":{"vpc_id":{"references":["aws_vpc.main[0].id","aws_vpc.main[0]","aws_vpc.main"]}},"schema_version":0,"count_expression":{"references":["var.vpc_id"]}},{"address":"aws_route_table_association.public","mode":"managed","type":"aws_route_table_association","name":"public","provider_config_key":"aws","expressions":{"route_table_id":{"references":["aws_route_table.public[0].id","aws_route_table.public[0]","aws_route_table.public"]},"subnet_id":{"references":["aws_subnet.public[0].id","aws_subnet.public[0]","aws_subnet.public"]}},"schema_version":0,"count_expression":{"references":["var.vpc_id"]}},{"address":"aws_security_group.ec2_sg","mode":"managed","type":"aws_security_group","name":"ec2_sg","provider_config_key":"aws","expressions":{"description":{"constant_value":"Allow SSH, HTTP, k3s, nginx Ingress"},"egress":{"constant_value":[{"cidr_blocks":["0.0.0.0/0"],"description":null,"from_port":0,"ipv6_cidr_blocks":null,"prefix_list_ids":null,"protocol":"-1","security_groups":null,"self":null,"to_port":0}]},"ingress":{"constant_value":[{"cidr_blocks":["0.0.0.0/0"],"description":null,"from_port":22,"ipv6_cidr_blocks":null,"prefix_list_ids":null,"protocol":"tcp","security_groups":null,"self":null,"to_port":22},{"cidr_blocks":["0.0.0.0/0"],"description":null,"from_port":8081,"ipv6_cidr_blocks":null,"prefix_list_ids":null,"protocol":"tcp","security_groups":null,"self":null,"to_port":8081},{"cidr_blocks":["0.0.0.0/0"],"description":null,"from_port":80,"ipv6_cidr_blocks":null,"prefix_list_ids":null,"protocol":"tcp","security_groups":null,"self":null,"to_port":80},{"cidr_blocks":["0.0.0.0/0"],"description":null,"from_port":6443,"ipv6_cidr_blocks":null,"prefix_list_ids":null,"protocol":"tcp","security_groups":null,"self":null,"to_port":6443},{"cidr_blocks":["0.0.0.0/0"],"description":null,"from_port":30000,"ipv6_cidr_blocks":null,"prefix_list_ids":null,"protocol":"tcp","security_groups":null,"self":null,"to_port":32767}]},"name":{"references":["local.sg_name"]},"tags":{"references":["local.sg_name","var.environment","var.k3s_node_count","var.k3s_server_token","var.resource_name_suffix"]},"vpc_id":{"references":["var.vpc_id","var.vpc_id","aws_vpc.main[0].id","aws_vpc.main[0]","aws_vpc.main"]}},"schema_version":1},{"address":"aws_subnet.public","mode":"managed","type":"aws_subnet","name":"public","provider_config_key":"aws","expressions":{"cidr_block":{"constant_value":"10.0.1.0/24"},"map_public_ip_on_launch":{"constant_value":true},"vpc_id":{"references":["aws_vpc.main[0].id","aws_vpc.main[0]","aws_vpc.main"]}},"schema_version":1,"count_expression":{"references":["var.vpc_id"]}},{"address":"aws_vpc.main","mode":"managed","type":"aws_vpc","name":"main","provider_config_key":"aws","expressions":{"cidr_block":{"constant_value":"10.0.0.0/16"},"enable_dns_hostnames":{"constant_value":true},"enable_dns_support":{"constant_value":true}},"schema_version":1,"count_expression":{"references":["var.vpc_id"]}},{"address":"time_sleep.iam_propagation_delay","mode":"managed","type":"time_sleep","name":"iam_propagation_delay","provider_config_key":"time","expressions":{"create_duration":{"constant_value":"25s"}},"schema_version":0,"count_expression":{"references":["var.enable_ssm"]},"depends_on":["aws_iam_instance_profile.k3s_ssm_profile"]},{"address":"data.aws_ami.ubuntu","mode":"data","type":"aws_ami","name":"ubuntu","provider_config_key":"aws","expressions":{"filter":[{"name":{"constant_value":"name"},"values":{"constant_value":["ubuntu/images/hvm-ssd/ubuntu-jammy-22.04-amd64-server-*"]}},{"name":{"constant_value":"virtualization-type"},"values":{"constant_value":["hvm"]}}],"most_recent":{"constant_value":true},"owners":{"constant_value":["099720109477"]}},"schema_version":0},{"address":"data.aws_subnet.existing","mode":"data","type":"aws_subnet","name":"existing","provider_config_key":"aws","expressions":{"filter":[{"name":{"constant_value":"vpc-id"},"values":{"references":["var.vpc_id"]}},{"name":{"constant_value":"map-public-ip-on-launch"},"values":{"constant_value":["true"]}}]},"schema_version":0,"count_expression":{"references":["var.vpc_id"]}}],"variables":{"ami_id":{"default":"","description":"Optional override for the EC2 AMI ID. Leave blank to auto-select the latest Ubuntu 22.04 LTS (amd64, hvm, ebs)."},"app_image":{"default":"hashicorp/http-echo:0.2.3","description":"Container image (repository:tag) for Hello World deployment"},"enable_ingress_nginx":{"default":false,"description":"Install nginx ingress controller instead of bundled traefik"},"enable_monitoring":{"default":false,"description":"Install Prometheus + Grafana stack (kube-prometheus-stack)"},"enable_ssm":{"default":true,"description":"Attach an IAM role with SSM Core permissions so the instance can be accessed via AWS Systems Manager Session Manager (recommended when no SSH key is provided)."},"environment":{"default":"dev","description":"Environment name (staging, production, etc.)"},"hello_node_port":{"default":30080,"description":"NodePort to expose Hello World service"},"install_docker":{"default":true,"description":"Install Docker engine (not required for running k3s workloads; disable in low-memory ephemeral tests)"},"install_script_url":{"default":"https://raw.githubusercontent.com/mattshogi/CI-CD_terraform_k3s_aws/main/cluster/k3s_install.sh","description":"URL to fetch k3s_install.sh (keeps user_data small to avoid 16KB limit)."},"instance_type":{"default":"t3.micro","description":"EC2 instance type for k3s nodes. Set to a free-tier compatible type (e.g. t3.micro) to avoid charges where possible."},"k3s_node_count":{"default":0,"description":"Number of k3s agent nodes to provision (set to 0 for step 1)"},"k3s_server_token":{"default":"","description":"k3s server node token for agent join (set after step 1)"},"resource_name_suffix":{"default":"","description":"Optional suffix appended to resource names (e.g., CI run id) to avoid name collisions."},"ssh_key_name":{"default":"","description":"(Optional) Name of an existing AWS EC2 SSH key pair. Leave blank to create the instance without SSH access (used for ephemeral CI tests)."},"vpc_id":{"default":"","description":"Optional: reuse an existing VPC by id. If empty, a new VPC will be created."}}}},"relevant_attributes":[{"resource":"data.aws_subnet.existing[0]","attribute":["id"]},{"resource":"aws_vpc.main[0]","attribute":["id"]},{"resource":"aws_iam_instance_profile.k3s_ssm_profile[0]","attribute":["name"]},{"resource":"aws_iam_role.k3s_ssm_role[0]","attribute":["name"]},{"resource":"aws_instance.k3s_server","attribute":["id"]},{"resource":"aws_instance.k3s_server","attribute":["public_ip"]},{"resource":"aws_route_table.public[0]","attribute":["id"]},{"resource":"data.aws_ami.ubuntu","attribute":["id"]},{"resource":"aws_internet_gateway.igw[0]","attribute":["id"]},{"resource":"aws_subnet.public[0]","attribute":["id"]},{"resource":"aws_network_acl.public[0]","attribute":["id"]},{"resource":"aws_security_group.ec2_sg","attribute":["id"]}],"timestamp":"2025-08-31T22:44:01Z","applyable":true,"complete":true,"errored":false}
